
Microsoft Visual Studio Solution File, Format Version 12.00
# Visual Studio Version 17
VisualStudioVersion = 17.7.34031.279
MinimumVisualStudioVersion = 10.0.40219.1
Project("{FAE04EC0-301F-11D3-BF4B-00C04F79EFBC}") = "ModernDgitalClock", "ModernDgitalClock.csproj", "{793987C3-1FF4-4461-A193-DCB024BBB14B}"
EndProject
Global
	GlobalSection(SolutionConfigurationPlatforms) = preSolution
		Debug|Any CPU = Debug|Any CPU
		Release|Any CPU = Release|Any CPU
	EndGlobalSection
	GlobalSection(ProjectConfigurationPlatforms) = postSolution
		{793987C3-1FF4-4461-A193-DCB024BBB14B}.Debug|Any CPU.ActiveCfg = Debug|Any CPU
		{793987C3-1FF4-4461-A193-DCB024BBB14B}.Debug|Any CPU.Build.0 = Debug|Any CPU
		{793987C3-1FF4-4461-A193-DCB024BBB14B}.Release|Any CPU.ActiveCfg = Release|Any CPU
		{793987C3-1FF4-4461-A193-DCB024BBB14B}.Release|Any CPU.Build.0 = Release|Any CPU
	EndGlobalSection
	GlobalSection(SolutionProperties) = preSolution
		HideSolutionNode = FALSE
	EndGlobalSection
	GlobalSection(ExtensibilityGlobals) = postSolution
		SolutionGuid = {0CE1ACDA-5CFC-49BE-AC84-3E32C4078DDF}
	EndGlobalSection
EndGlobal
